
Microsoft Visual Studio Solution File, Format Version 12.00
# Visual Studio Version 16
VisualStudioVersion = 16.0.31019.35
MinimumVisualStudioVersion = 10.0.40219.1
Project("{FAE04EC0-301F-11D3-BF4B-00C04F79EFBC}") = "XUnitTestSelenium", "XUnitTestSelenium\XUnitTestSelenium.csproj", "{5CD62D26-5C7B-4667-8EBF-55BA9F95F668}"
EndProject
Global
	GlobalSection(SolutionConfigurationPlatforms) = preSolution
		Debug|Any CPU = Debug|Any CPU
		Release|Any CPU = Release|Any CPU
	EndGlobalSection
	GlobalSection(ProjectConfigurationPlatforms) = postSolution
		{5CD62D26-5C7B-4667-8EBF-55BA9F95F668}.Debug|Any CPU.ActiveCfg = Debug|Any CPU
		{5CD62D26-5C7B-4667-8EBF-55BA9F95F668}.Debug|Any CPU.Build.0 = Debug|Any CPU
		{5CD62D26-5C7B-4667-8EBF-55BA9F95F668}.Release|Any CPU.ActiveCfg = Release|Any CPU
		{5CD62D26-5C7B-4667-8EBF-55BA9F95F668}.Release|Any CPU.Build.0 = Release|Any CPU
	EndGlobalSection
	GlobalSection(SolutionProperties) = preSolution
		HideSolutionNode = FALSE
	EndGlobalSection
	GlobalSection(ExtensibilityGlobals) = postSolution
		SolutionGuid = {1E8670BF-30A4-4EFB-AEAE-226AB905F5B6}
	EndGlobalSection
EndGlobal
